
Microsoft Visual Studio Solution File, Format Version 12.00
# Visual Studio Version 17
VisualStudioVersion = 17.12.35527.113 d17.12
MinimumVisualStudioVersion = 10.0.40219.1
Project("{FAE04EC0-301F-11D3-BF4B-00C04F79EFBC}") = "Operators_SubmissionAssignment", "Operators_SubmissionAssignment\Operators_SubmissionAssignment.csproj", "{FAF056DB-56D4-4B74-81C8-5DD7B78DF2B0}"
EndProject
Global
	GlobalSection(SolutionConfigurationPlatforms) = preSolution
		Debug|Any CPU = Debug|Any CPU
		Release|Any CPU = Release|Any CPU
	EndGlobalSection
	GlobalSection(ProjectConfigurationPlatforms) = postSolution
		{FAF056DB-56D4-4B74-81C8-5DD7B78DF2B0}.Debug|Any CPU.ActiveCfg = Debug|Any CPU
		{FAF056DB-56D4-4B74-81C8-5DD7B78DF2B0}.Debug|Any CPU.Build.0 = Debug|Any CPU
		{FAF056DB-56D4-4B74-81C8-5DD7B78DF2B0}.Release|Any CPU.ActiveCfg = Release|Any CPU
		{FAF056DB-56D4-4B74-81C8-5DD7B78DF2B0}.Release|Any CPU.Build.0 = Release|Any CPU
	EndGlobalSection
	GlobalSection(SolutionProperties) = preSolution
		HideSolutionNode = FALSE
	EndGlobalSection
EndGlobal
