
Microsoft Visual Studio Solution File, Format Version 12.00
# Visual Studio Version 17
VisualStudioVersion = 17.12.35527.113 d17.12
MinimumVisualStudioVersion = 10.0.40219.1
Project("{FAE04EC0-301F-11D3-BF4B-00C04F79EFBC}") = "Parameters_Assignment", "Parameters_Assignment\Parameters_Assignment.csproj", "{07E956EB-F876-48B7-ACBF-CFB627869769}"
EndProject
Global
	GlobalSection(SolutionConfigurationPlatforms) = preSolution
		Debug|Any CPU = Debug|Any CPU
		Release|Any CPU = Release|Any CPU
	EndGlobalSection
	GlobalSection(ProjectConfigurationPlatforms) = postSolution
		{07E956EB-F876-48B7-ACBF-CFB627869769}.Debug|Any CPU.ActiveCfg = Debug|Any CPU
		{07E956EB-F876-48B7-ACBF-CFB627869769}.Debug|Any CPU.Build.0 = Debug|Any CPU
		{07E956EB-F876-48B7-ACBF-CFB627869769}.Release|Any CPU.ActiveCfg = Release|Any CPU
		{07E956EB-F876-48B7-ACBF-CFB627869769}.Release|Any CPU.Build.0 = Release|Any CPU
	EndGlobalSection
	GlobalSection(SolutionProperties) = preSolution
		HideSolutionNode = FALSE
	EndGlobalSection
EndGlobal
